# THIS IS AN AUTOGENERATED FILE. DO NOT EDIT THIS FILE DIRECTLY.
# yarn lockfile v1


"@vant/icons@^1.1.13":
  version "1.1.13"
  resolved "https://registry.npm.taobao.org/@vant/icons/download/@vant/icons-1.1.13.tgz#ea77298f4f2b19ccc761005068a2c7436098e4d4"
  integrity sha1-6ncpj08rGczHYQBQaKLHQ2CY5NQ=

animate.css@^3.7.2:
  version "3.7.2"
  resolved "https://registry.npm.taobao.org/animate.css/download/animate.css-3.7.2.tgz#e73e0d50e92cb1cfef1597d9b38a9481020e08ea"
  integrity sha1-5z4NUOkssc/vFZfZs4qUgQIOCOo=

asap@~2.0.3:
  version "2.0.6"
  resolved "http://registry.npm.taobao.org/asap/download/asap-2.0.6.tgz#e50347611d7e690943208bbdafebcbc2fb866d46"
  integrity sha1-5QNHYR1+aQlDIIu9r+vLwvuGbUY=

asn1.js@^4.0.0:
  version "4.10.1"
  resolved "http://registry.npm.taobao.org/asn1.js/download/asn1.js-4.10.1.tgz#b9c2bf5805f1e64aadeed6df3a2bfafb5a73f5a0"
  integrity sha1-ucK/WAXx5kqt7tbfOiv6+1pz9aA=
  dependencies:
    bn.js "^4.0.0"
    inherits "^2.0.1"
    minimalistic-assert "^1.0.0"

assert@^1.1.1:
  version "1.4.1"
  resolved "http://registry.npm.taobao.org/assert/download/assert-1.4.1.tgz#99912d591836b5a6f5b345c0f07eefc08fc65d91"
  integrity sha1-mZEtWRg2tab1s0XA8H7vwI/GXZE=
  dependencies:
    util "0.10.3"

async-limiter@~1.0.0:
  version "1.0.0"
  resolved "http://registry.npm.taobao.org/async-limiter/download/async-limiter-1.0.0.tgz#78faed8c3d074ab81f22b4e985d79e8738f720f8"
  integrity sha1-ePrtjD0HSrgfIrTphdeehzj3IPg=

base64-js@^1.0.2:
  version "1.3.0"
  resolved "http://registry.npm.taobao.org/base64-js/download/base64-js-1.3.0.tgz#cab1e6118f051095e58b5281aea8c1cd22bfc0e3"
  integrity sha1-yrHmEY8FEJXli1KBrqjBzSK/wOM=

bn.js@^4.0.0, bn.js@^4.1.0, bn.js@^4.1.1, bn.js@^4.4.0:
  version "4.11.8"
  resolved "http://registry.npm.taobao.org/bn.js/download/bn.js-4.11.8.tgz#2cde09eb5ee341f484746bb0309b3253b1b1442f"
  integrity sha1-LN4J617jQfSEdGuwMJsyU7GxRC8=

brorand@^1.0.1:
  version "1.1.0"
  resolved "http://registry.npm.taobao.org/brorand/download/brorand-1.1.0.tgz#12c25efe40a45e3c323eb8675a0a0ce57b22371f"
  integrity sha1-EsJe/kCkXjwyPrhnWgoM5XsiNx8=

browserify-aes@^1.0.0, browserify-aes@^1.0.4:
  version "1.2.0"
  resolved "http://registry.npm.taobao.org/browserify-aes/download/browserify-aes-1.2.0.tgz#326734642f403dabc3003209853bb70ad428ef48"
  integrity sha1-Mmc0ZC9APavDADIJhTu3CtQo70g=
  dependencies:
    buffer-xor "^1.0.3"
    cipher-base "^1.0.0"
    create-hash "^1.1.0"
    evp_bytestokey "^1.0.3"
    inherits "^2.0.1"
    safe-buffer "^5.0.1"

browserify-cipher@^1.0.0:
  version "1.0.1"
  resolved "http://registry.npm.taobao.org/browserify-cipher/download/browserify-cipher-1.0.1.tgz#8d6474c1b870bfdabcd3bcfcc1934a10e94f15f0"
  integrity sha1-jWR0wbhwv9q807z8wZNKEOlPFfA=
  dependencies:
    browserify-aes "^1.0.4"
    browserify-des "^1.0.0"
    evp_bytestokey "^1.0.0"

browserify-des@^1.0.0:
  version "1.0.2"
  resolved "http://registry.npm.taobao.org/browserify-des/download/browserify-des-1.0.2.tgz#3af4f1f59839403572f1c66204375f7a7f703e9c"
  integrity sha1-OvTx9Zg5QDVy8cZiBDdfen9wPpw=
  dependencies:
    cipher-base "^1.0.1"
    des.js "^1.0.0"
    inherits "^2.0.1"
    safe-buffer "^5.1.2"

browserify-rsa@^4.0.0:
  version "4.0.1"
  resolved "http://registry.npm.taobao.org/browserify-rsa/download/browserify-rsa-4.0.1.tgz#21e0abfaf6f2029cf2fafb133567a701d4135524"
  integrity sha1-IeCr+vbyApzy+vsTNWenAdQTVSQ=
  dependencies:
    bn.js "^4.1.0"
    randombytes "^2.0.1"

browserify-sign@^4.0.0:
  version "4.0.4"
  resolved "http://registry.npm.taobao.org/browserify-sign/download/browserify-sign-4.0.4.tgz#aa4eb68e5d7b658baa6bf6a57e630cbd7a93d298"
  integrity sha1-qk62jl17ZYuqa/alfmMMvXqT0pg=
  dependencies:
    bn.js "^4.1.1"
    browserify-rsa "^4.0.0"
    create-hash "^1.1.0"
    create-hmac "^1.1.2"
    elliptic "^6.0.0"
    inherits "^2.0.1"
    parse-asn1 "^5.0.0"

browserify-zlib@^0.2.0:
  version "0.2.0"
  resolved "http://registry.npm.taobao.org/browserify-zlib/download/browserify-zlib-0.2.0.tgz#2869459d9aa3be245fe8fe2ca1f46e2e7f54d73f"
  integrity sha1-KGlFnZqjviRf6P4sofRuLn9U1z8=
  dependencies:
    pako "~1.0.5"

buffer-xor@^1.0.3:
  version "1.0.3"
  resolved "http://registry.npm.taobao.org/buffer-xor/download/buffer-xor-1.0.3.tgz#26e61ed1422fb70dd42e6e36729ed51d855fe8d9"
  integrity sha1-JuYe0UIvtw3ULm42cp7VHYVf6Nk=

buffer@^4.3.0:
  version "4.9.1"
  resolved "http://registry.npm.taobao.org/buffer/download/buffer-4.9.1.tgz#6d1bb601b07a4efced97094132093027c95bc298"
  integrity sha1-bRu2AbB6TvztlwlBMgkwJ8lbwpg=
  dependencies:
    base64-js "^1.0.2"
    ieee754 "^1.1.4"
    isarray "^1.0.0"

builtin-status-codes@^3.0.0:
  version "3.0.0"
  resolved "http://registry.npm.taobao.org/builtin-status-codes/download/builtin-status-codes-3.0.0.tgz#85982878e21b98e1c66425e03d0174788f569ee8"
  integrity sha1-hZgoeOIbmOHGZCXgPQF0eI9Wnug=

cipher-base@^1.0.0, cipher-base@^1.0.1, cipher-base@^1.0.3:
  version "1.0.4"
  resolved "http://registry.npm.taobao.org/cipher-base/download/cipher-base-1.0.4.tgz#8760e4ecc272f4c363532f926d874aae2c1397de"
  integrity sha1-h2Dk7MJy9MNjUy+SbYdKriwTl94=
  dependencies:
    inherits "^2.0.1"
    safe-buffer "^5.0.1"

clone@^2.1.1:
  version "2.1.2"
  resolved "https://registry.npm.taobao.org/clone/download/clone-2.1.2.tgz?cache=0&other_urls=https%3A%2F%2Fregistry.npm.taobao.org%2Fclone%2Fdownload%2Fclone-2.1.2.tgz#1b7f4b9f591f1e8f83670401600345a02887435f"
  integrity sha1-G39Ln1kfHo+DZwQBYANFoCiHQ18=

console-browserify@^1.1.0:
  version "1.1.0"
  resolved "http://registry.npm.taobao.org/console-browserify/download/console-browserify-1.1.0.tgz#f0241c45730a9fc6323b206dbf38edc741d0bb10"
  integrity sha1-8CQcRXMKn8YyOyBtvzjtx0HQuxA=
  dependencies:
    date-now "^0.1.4"

constants-browserify@^1.0.0:
  version "1.0.0"
  resolved "http://registry.npm.taobao.org/constants-browserify/download/constants-browserify-1.0.0.tgz#c20b96d8c617748aaf1c16021760cd27fcb8cb75"
  integrity sha1-wguW2MYXdIqvHBYCF2DNJ/y4y3U=

core-js@^1.0.0:
  version "1.2.7"
  resolved "http://registry.npm.taobao.org/core-js/download/core-js-1.2.7.tgz#652294c14651db28fa93bd2d5ff2983a4f08c636"
  integrity sha1-ZSKUwUZR2yj6k70tX/KYOk8IxjY=

core-util-is@~1.0.0:
  version "1.0.2"
  resolved "http://registry.npm.taobao.org/core-util-is/download/core-util-is-1.0.2.tgz#b5fd54220aa2bc5ab57aab7140c940754503c1a7"
  integrity sha1-tf1UIgqivFq1eqtxQMlAdUUDwac=

create-ecdh@^4.0.0:
  version "4.0.3"
  resolved "http://registry.npm.taobao.org/create-ecdh/download/create-ecdh-4.0.3.tgz#c9111b6f33045c4697f144787f9254cdc77c45ff"
  integrity sha1-yREbbzMEXEaX8UR4f5JUzcd8Rf8=
  dependencies:
    bn.js "^4.1.0"
    elliptic "^6.0.0"

create-hash@^1.1.0, create-hash@^1.1.2:
  version "1.2.0"
  resolved "http://registry.npm.taobao.org/create-hash/download/create-hash-1.2.0.tgz#889078af11a63756bcfb59bd221996be3a9ef196"
  integrity sha1-iJB4rxGmN1a8+1m9IhmWvjqe8ZY=
  dependencies:
    cipher-base "^1.0.1"
    inherits "^2.0.1"
    md5.js "^1.3.4"
    ripemd160 "^2.0.1"
    sha.js "^2.4.0"

create-hmac@^1.1.0, create-hmac@^1.1.2, create-hmac@^1.1.4:
  version "1.1.7"
  resolved "http://registry.npm.taobao.org/create-hmac/download/create-hmac-1.1.7.tgz#69170c78b3ab957147b2b8b04572e47ead2243ff"
  integrity sha1-aRcMeLOrlXFHsriwRXLkfq0iQ/8=
  dependencies:
    cipher-base "^1.0.3"
    create-hash "^1.1.0"
    inherits "^2.0.1"
    ripemd160 "^2.0.0"
    safe-buffer "^5.0.1"
    sha.js "^2.4.8"

create-react-class@^15.6.3:
  version "15.6.3"
  resolved "http://registry.npm.taobao.org/create-react-class/download/create-react-class-15.6.3.tgz#2d73237fb3f970ae6ebe011a9e66f46dbca80036"
  integrity sha1-LXMjf7P5cK5uvgEanmb0bbyoADY=
  dependencies:
    fbjs "^0.8.9"
    loose-envify "^1.3.1"
    object-assign "^4.1.1"

crypto-browserify@^3.11.0:
  version "3.12.0"
  resolved "http://registry.npm.taobao.org/crypto-browserify/download/crypto-browserify-3.12.0.tgz#396cf9f3137f03e4b8e532c58f698254e00f80ec"
  integrity sha1-OWz58xN/A+S45TLFj2mCVOAPgOw=
  dependencies:
    browserify-cipher "^1.0.0"
    browserify-sign "^4.0.0"
    create-ecdh "^4.0.0"
    create-hash "^1.1.0"
    create-hmac "^1.1.0"
    diffie-hellman "^5.0.0"
    inherits "^2.0.1"
    pbkdf2 "^3.0.3"
    public-encrypt "^4.0.0"
    randombytes "^2.0.0"
    randomfill "^1.0.3"

date-now@^0.1.4:
  version "0.1.4"
  resolved "http://registry.npm.taobao.org/date-now/download/date-now-0.1.4.tgz#eaf439fd4d4848ad74e5cc7dbef200672b9e345b"
  integrity sha1-6vQ5/U1ISK105cx9vvIAZyueNFs=

dayjs@^1.8.19:
  version "1.8.19"
  resolved "https://registry.npm.taobao.org/dayjs/download/dayjs-1.8.19.tgz#5117dc390d8f8e586d53891dbff3fa308f51abfe"
  integrity sha1-URfcOQ2PjlhtU4kdv/P6MI9Rq/4=

deep-equal@^1.0.1:
  version "1.1.0"
  resolved "https://registry.npm.taobao.org/deep-equal/download/deep-equal-1.1.0.tgz?cache=0&other_urls=https%3A%2F%2Fregistry.npm.taobao.org%2Fdeep-equal%2Fdownload%2Fdeep-equal-1.1.0.tgz#3103cdf8ab6d32cf4a8df7865458f2b8d33f3745"
  integrity sha1-MQPN+KttMs9KjfeGVFjyuNM/N0U=
  dependencies:
    is-arguments "^1.0.4"
    is-date-object "^1.0.1"
    is-regex "^1.0.4"
    object-is "^1.0.1"
    object-keys "^1.1.1"
    regexp.prototype.flags "^1.2.0"

define-properties@^1.1.2:
  version "1.1.3"
  resolved "https://registry.npm.taobao.org/define-properties/download/define-properties-1.1.3.tgz#cf88da6cbee26fe6db7094f61d870cbd84cee9f1"
  integrity sha1-z4jabL7ib+bbcJT2HYcMvYTO6fE=
  dependencies:
    object-keys "^1.0.12"

des.js@^1.0.0:
  version "1.0.0"
  resolved "http://registry.npm.taobao.org/des.js/download/des.js-1.0.0.tgz#c074d2e2aa6a8a9a07dbd61f9a15c2cd83ec8ecc"
  integrity sha1-wHTS4qpqipoH29YfmhXCzYPsjsw=
  dependencies:
    inherits "^2.0.1"
    minimalistic-assert "^1.0.0"

diffie-hellman@^5.0.0:
  version "5.0.3"
  resolved "http://registry.npm.taobao.org/diffie-hellman/download/diffie-hellman-5.0.3.tgz#40e8ee98f55a2149607146921c63e1ae5f3d2875"
  integrity sha1-QOjumPVaIUlgcUaSHGPhrl89KHU=
  dependencies:
    bn.js "^4.1.0"
    miller-rabin "^4.0.0"
    randombytes "^2.0.0"

domain-browser@^1.1.1:
  version "1.2.0"
  resolved "http://registry.npm.taobao.org/domain-browser/download/domain-browser-1.2.0.tgz#3d31f50191a6749dd1375a7f522e823d42e54eda"
  integrity sha1-PTH1AZGmdJ3RN1p/Ui6CPULlTto=

elliptic@^6.0.0:
  version "6.4.1"
  resolved "http://registry.npm.taobao.org/elliptic/download/elliptic-6.4.1.tgz#c2d0b7776911b86722c632c3c06c60f2f819939a"
  integrity sha1-wtC3d2kRuGcixjLDwGxg8vgZk5o=
  dependencies:
    bn.js "^4.4.0"
    brorand "^1.0.1"
    hash.js "^1.0.0"
    hmac-drbg "^1.0.0"
    inherits "^2.0.1"
    minimalistic-assert "^1.0.0"
    minimalistic-crypto-utils "^1.0.0"

encoding@^0.1.11:
  version "0.1.12"
  resolved "http://registry.npm.taobao.org/encoding/download/encoding-0.1.12.tgz#538b66f3ee62cd1ab51ec323829d1f9480c74beb"
  integrity sha1-U4tm8+5izRq1HsMjgp0flIDHS+s=
  dependencies:
    iconv-lite "~0.4.13"

eventemitter3@^2.0.3:
  version "2.0.3"
  resolved "https://registry.npm.taobao.org/eventemitter3/download/eventemitter3-2.0.3.tgz?cache=0&sync_timestamp=1560950873670&other_urls=https%3A%2F%2Fregistry.npm.taobao.org%2Feventemitter3%2Fdownload%2Feventemitter3-2.0.3.tgz#b5e1079b59fb5e1ba2771c0a993be060a58c99ba"
  integrity sha1-teEHm1n7XhuidxwKmTvgYKWMmbo=

events@^3.0.0:
  version "3.0.0"
  resolved "http://registry.npm.taobao.org/events/download/events-3.0.0.tgz#9a0a0dfaf62893d92b875b8f2698ca4114973e88"
  integrity sha1-mgoN+vYok9krh1uPJpjKQRSXPog=

evp_bytestokey@^1.0.0, evp_bytestokey@^1.0.3:
  version "1.0.3"
  resolved "http://registry.npm.taobao.org/evp_bytestokey/download/evp_bytestokey-1.0.3.tgz#7fcbdb198dc71959432efe13842684e0525acb02"
  integrity sha1-f8vbGY3HGVlDLv4ThCaE4FJaywI=
  dependencies:
    md5.js "^1.3.4"
    safe-buffer "^5.1.1"

extend@^3.0.2:
  version "3.0.2"
  resolved "https://registry.npm.taobao.org/extend/download/extend-3.0.2.tgz#f8b1136b4071fbd8eb140aff858b1019ec2915fa"
  integrity sha1-+LETa0Bx+9jrFAr/hYsQGewpFfo=

fast-diff@1.1.2:
  version "1.1.2"
  resolved "https://registry.npm.taobao.org/fast-diff/download/fast-diff-1.1.2.tgz#4b62c42b8e03de3f848460b639079920695d0154"
  integrity sha1-S2LEK44D3j+EhGC2OQeZIGldAVQ=

fbjs@^0.8.9:
  version "0.8.17"
  resolved "http://registry.npm.taobao.org/fbjs/download/fbjs-0.8.17.tgz#c4d598ead6949112653d6588b01a5cdcd9f90fdd"
  integrity sha1-xNWY6taUkRJlPWWIsBpc3Nn5D90=
  dependencies:
    core-js "^1.0.0"
    isomorphic-fetch "^2.1.1"
    loose-envify "^1.0.0"
    object-assign "^4.1.0"
    promise "^7.1.1"
    setimmediate "^1.0.5"
    ua-parser-js "^0.7.18"

function-bind@^1.1.1:
  version "1.1.1"
  resolved "https://registry.npm.taobao.org/function-bind/download/function-bind-1.1.1.tgz#a56899d3ea3c9bab874bb9773b7c5ede92f4895d"
  integrity sha1-pWiZ0+o8m6uHS7l3O3xe3pL0iV0=

hammerjs@^2.0.8:
  version "2.0.8"
  resolved "https://registry.npm.taobao.org/hammerjs/download/hammerjs-2.0.8.tgz#04ef77862cff2bb79d30f7692095930222bf60f1"
  integrity sha1-BO93hiz/K7edMPdpIJWTAiK/YPE=

has@^1.0.1:
  version "1.0.3"
  resolved "https://registry.npm.taobao.org/has/download/has-1.0.3.tgz#722d7cbfc1f6aa8241f16dd814e011e1f41e8796"
  integrity sha1-ci18v8H2qoJB8W3YFOAR4fQeh5Y=
  dependencies:
    function-bind "^1.1.1"

hash-base@^3.0.0:
  version "3.0.4"
  resolved "http://registry.npm.taobao.org/hash-base/download/hash-base-3.0.4.tgz#5fc8686847ecd73499403319a6b0a3f3f6ae4918"
  integrity sha1-X8hoaEfs1zSZQDMZprCj8/auSRg=
  dependencies:
    inherits "^2.0.1"
    safe-buffer "^5.0.1"

hash.js@^1.0.0, hash.js@^1.0.3:
  version "1.1.7"
  resolved "http://registry.npm.taobao.org/hash.js/download/hash.js-1.1.7.tgz#0babca538e8d4ee4a0f8988d68866537a003cf42"
  integrity sha1-C6vKU46NTuSg+JiNaIZlN6ADz0I=
  dependencies:
    inherits "^2.0.3"
    minimalistic-assert "^1.0.1"

highlight.js@9.12.0:
  version "9.12.0"
  resolved "https://registry.npm.taobao.org/highlight.js/download/highlight.js-9.12.0.tgz#e6d9dbe57cbefe60751f02af336195870c90c01e"
  integrity sha1-5tnb5Xy+/mB1HwKvM2GVhwyQwB4=

highlight.js@^9.3.0:
  version "9.15.10"
  resolved "https://registry.npm.taobao.org/highlight.js/download/highlight.js-9.15.10.tgz#7b18ed75c90348c045eef9ed08ca1319a2219ad2"
  integrity sha1-exjtdckDSMBF7vntCMoTGaIhmtI=

hmac-drbg@^1.0.0:
  version "1.0.1"
  resolved "http://registry.npm.taobao.org/hmac-drbg/download/hmac-drbg-1.0.1.tgz#d2745701025a6c775a6c545793ed502fc0c649a1"
  integrity sha1-0nRXAQJabHdabFRXk+1QL8DGSaE=
  dependencies:
    hash.js "^1.0.3"
    minimalistic-assert "^1.0.0"
    minimalistic-crypto-utils "^1.0.1"

https-browserify@^1.0.0:
  version "1.0.0"
  resolved "http://registry.npm.taobao.org/https-browserify/download/https-browserify-1.0.0.tgz#ec06c10e0a34c0f2faf199f7fd7fc78fffd03c73"
  integrity sha1-7AbBDgo0wPL68Zn3/X/Hj//QPHM=

iconv-lite@~0.4.13:
  version "0.4.24"
  resolved "http://registry.npm.taobao.org/iconv-lite/download/iconv-lite-0.4.24.tgz#2022b4b25fbddc21d2f524974a474aafe733908b"
  integrity sha1-ICK0sl+93CHS9SSXSkdKr+czkIs=
  dependencies:
    safer-buffer ">= 2.1.2 < 3"

ieee754@^1.1.4:
  version "1.1.12"
  resolved "http://registry.npm.taobao.org/ieee754/download/ieee754-1.1.12.tgz#50bf24e5b9c8bb98af4964c941cdb0918da7b60b"
  integrity sha1-UL8k5bnIu5ivSWTJQc2wkY2ntgs=

indexof@0.0.1:
  version "0.0.1"
  resolved "http://registry.npm.taobao.org/indexof/download/indexof-0.0.1.tgz#82dc336d232b9062179d05ab3293a66059fd435d"
  integrity sha1-gtwzbSMrkGIXnQWrMpOmYFn9Q10=

inherits@2.0.1:
  version "2.0.1"
  resolved "http://registry.npm.taobao.org/inherits/download/inherits-2.0.1.tgz#b17d08d326b4423e568eff719f91b0b1cbdf69f1"
  integrity sha1-sX0I0ya0Qj5Wjv9xn5GwscvfafE=

inherits@2.0.3, inherits@^2.0.1, inherits@^2.0.3, inherits@~2.0.1, inherits@~2.0.3:
  version "2.0.3"
  resolved "http://registry.npm.taobao.org/inherits/download/inherits-2.0.3.tgz#633c2c83e3da42a502f52466022480f4208261de"
  integrity sha1-Yzwsg+PaQqUC9SRmAiSA9CCCYd4=

is-arguments@^1.0.4:
  version "1.0.4"
  resolved "https://registry.npm.taobao.org/is-arguments/download/is-arguments-1.0.4.tgz#3faf966c7cba0ff437fb31f6250082fcf0448cf3"
  integrity sha1-P6+WbHy6D/Q3+zH2JQCC/PBEjPM=

is-date-object@^1.0.1:
  version "1.0.1"
  resolved "https://registry.npm.taobao.org/is-date-object/download/is-date-object-1.0.1.tgz#9aa20eb6aeebbff77fbd33e74ca01b33581d3a16"
  integrity sha1-mqIOtq7rv/d/vTPnTKAbM1gdOhY=

is-regex@^1.0.4:
  version "1.0.4"
  resolved "https://registry.npm.taobao.org/is-regex/download/is-regex-1.0.4.tgz#5517489b547091b0930e095654ced25ee97e9491"
  integrity sha1-VRdIm1RwkbCTDglWVM7SXul+lJE=
  dependencies:
    has "^1.0.1"

is-stream@^1.0.1:
  version "1.1.0"
  resolved "http://registry.npm.taobao.org/is-stream/download/is-stream-1.1.0.tgz#12d4a3dd4e68e0b79ceb8dbc84173ae80d91ca44"
  integrity sha1-EtSj3U5o4Lec6428hBc66A2RykQ=

isarray@^1.0.0, isarray@~1.0.0:
  version "1.0.0"
  resolved "http://registry.npm.taobao.org/isarray/download/isarray-1.0.0.tgz#bb935d48582cba168c06834957a54a3e07124f11"
  integrity sha1-u5NdSFgsuhaMBoNJV6VKPgcSTxE=

isexe@^2.0.0:
  version "2.0.0"
  resolved "http://registry.npm.taobao.org/isexe/download/isexe-2.0.0.tgz#e8fbf374dc556ff8947a10dcb0572d633f2cfa10"
  integrity sha1-6PvzdNxVb/iUehDcsFctYz8s+hA=

isomorphic-fetch@^2.1.1:
  version "2.2.1"
  resolved "http://registry.npm.taobao.org/isomorphic-fetch/download/isomorphic-fetch-2.2.1.tgz#611ae1acf14f5e81f729507472819fe9733558a9"
  integrity sha1-YRrhrPFPXoH3KVB0coGf6XM1WKk=
  dependencies:
    node-fetch "^1.0.1"
    whatwg-fetch ">=0.10.0"

"js-tokens@^3.0.0 || ^4.0.0":
  version "4.0.0"
  resolved "http://registry.npm.taobao.org/js-tokens/download/js-tokens-4.0.0.tgz#19203fb59991df98e3a287050d4647cdeaf32499"
  integrity sha1-GSA/tZmR35jjoocFDUZHzerzJJk=

loose-envify@^1.0.0, loose-envify@^1.1.0, loose-envify@^1.3.1, loose-envify@^1.4.0:
  version "1.4.0"
  resolved "http://registry.npm.taobao.org/loose-envify/download/loose-envify-1.4.0.tgz#71ee51fa7be4caec1a63839f7e682d8132d30caf"
  integrity sha1-ce5R+nvkyuwaY4OffmgtgTLTDK8=
  dependencies:
    js-tokens "^3.0.0 || ^4.0.0"

md5.js@^1.3.4:
  version "1.3.5"
  resolved "http://registry.npm.taobao.org/md5.js/download/md5.js-1.3.5.tgz#b5d07b8e3216e3e27cd728d72f70d1e6a342005f"
  integrity sha1-tdB7jjIW4+J81yjXL3DR5qNCAF8=
  dependencies:
    hash-base "^3.0.0"
    inherits "^2.0.1"
    safe-buffer "^5.1.2"

miller-rabin@^4.0.0:
  version "4.0.1"
  resolved "http://registry.npm.taobao.org/miller-rabin/download/miller-rabin-4.0.1.tgz#f080351c865b0dc562a8462966daa53543c78a4d"
  integrity sha1-8IA1HIZbDcViqEYpZtqlNUPHik0=
  dependencies:
    bn.js "^4.0.0"
    brorand "^1.0.1"

minimalistic-assert@^1.0.0, minimalistic-assert@^1.0.1:
  version "1.0.1"
  resolved "http://registry.npm.taobao.org/minimalistic-assert/download/minimalistic-assert-1.0.1.tgz#2e194de044626d4a10e7f7fbc00ce73e83e4d5c7"
  integrity sha1-LhlN4ERibUoQ5/f7wAznPoPk1cc=

minimalistic-crypto-utils@^1.0.0, minimalistic-crypto-utils@^1.0.1:
  version "1.0.1"
  resolved "http://registry.npm.taobao.org/minimalistic-crypto-utils/download/minimalistic-crypto-utils-1.0.1.tgz#f6c00c1c0b082246e5c4d99dfb8c7c083b2b582a"
  integrity sha1-9sAMHAsIIkblxNmd+4x8CDsrWCo=

minimist@0.0.8:
  version "0.0.8"
  resolved "http://registry.npm.taobao.org/minimist/download/minimist-0.0.8.tgz#857fcabfc3397d2625b8228262e86aa7a011b05d"
  integrity sha1-hX/Kv8M5fSYluCKCYuhqp6ARsF0=

mkdirp@^0.5.1:
  version "0.5.1"
  resolved "http://registry.npm.taobao.org/mkdirp/download/mkdirp-0.5.1.tgz#30057438eac6cf7f8c4767f38648d6697d75c903"
  integrity sha1-MAV0OOrGz3+MR2fzhkjWaX11yQM=
  dependencies:
    minimist "0.0.8"

node-fetch@^1.0.1:
  version "1.7.3"
  resolved "http://registry.npm.taobao.org/node-fetch/download/node-fetch-1.7.3.tgz#980f6f72d85211a5347c6b2bc18c5b84c3eb47ef"
  integrity sha1-mA9vcthSEaU0fGsrwYxbhMPrR+8=
  dependencies:
    encoding "^0.1.11"
    is-stream "^1.0.1"

node-libs-browser@^2.0.0:
  version "2.2.0"
  resolved "http://registry.npm.taobao.org/node-libs-browser/download/node-libs-browser-2.2.0.tgz#c72f60d9d46de08a940dedbb25f3ffa2f9bbaa77"
  integrity sha1-xy9g2dRt4IqUDe27JfP/ovm7qnc=
  dependencies:
    assert "^1.1.1"
    browserify-zlib "^0.2.0"
    buffer "^4.3.0"
    console-browserify "^1.1.0"
    constants-browserify "^1.0.0"
    crypto-browserify "^3.11.0"
    domain-browser "^1.1.1"
    events "^3.0.0"
    https-browserify "^1.0.0"
    os-browserify "^0.3.0"
    path-browserify "0.0.0"
    process "^0.11.10"
    punycode "^1.2.4"
    querystring-es3 "^0.2.0"
    readable-stream "^2.3.3"
    stream-browserify "^2.0.1"
    stream-http "^2.7.2"
    string_decoder "^1.0.0"
    timers-browserify "^2.0.4"
    tty-browserify "0.0.0"
    url "^0.11.0"
    util "^0.11.0"
    vm-browserify "0.0.4"

object-assign@^4.1.0, object-assign@^4.1.1:
  version "4.1.1"
  resolved "http://registry.npm.taobao.org/object-assign/download/object-assign-4.1.1.tgz#2109adc7965887cfc05cbbd442cac8bfbb360863"
  integrity sha1-IQmtx5ZYh8/AXLvUQsrIv7s2CGM=

object-is@^1.0.1:
  version "1.0.1"
  resolved "https://registry.npm.taobao.org/object-is/download/object-is-1.0.1.tgz#0aa60ec9989a0b3ed795cf4d06f62cf1ad6539b6"
  integrity sha1-CqYOyZiaCz7Xlc9NBvYs8a1lObY=

object-keys@^1.0.12, object-keys@^1.1.1:
  version "1.1.1"
  resolved "https://registry.npm.taobao.org/object-keys/download/object-keys-1.1.1.tgz#1c47f272df277f3b1daf061677d9c82e2322c60e"
  integrity sha1-HEfyct8nfzsdrwYWd9nILiMixg4=

os-browserify@^0.3.0:
  version "0.3.0"
  resolved "http://registry.npm.taobao.org/os-browserify/download/os-browserify-0.3.0.tgz#854373c7f5c2315914fc9bfc6bd8238fdda1ec27"
  integrity sha1-hUNzx/XCMVkU/Jv8a9gjj92h7Cc=

pako@~1.0.5:
  version "1.0.8"
  resolved "http://registry.npm.taobao.org/pako/download/pako-1.0.8.tgz#6844890aab9c635af868ad5fecc62e8acbba3ea4"
  integrity sha1-aESJCqucY1r4aK1f7MYuisu6PqQ=

parchment@^1.1.4:
  version "1.1.4"
  resolved "https://registry.npm.taobao.org/parchment/download/parchment-1.1.4.tgz#aeded7ab938fe921d4c34bc339ce1168bc2ffde5"
  integrity sha1-rt7Xq5OP6SHUw0vDOc4RaLwv/eU=

parse-asn1@^5.0.0:
  version "5.1.3"
  resolved "http://registry.npm.taobao.org/parse-asn1/download/parse-asn1-5.1.3.tgz#1600c6cc0727365d68b97f3aa78939e735a75204"
  integrity sha1-FgDGzAcnNl1ouX86p4k55zWnUgQ=
  dependencies:
    asn1.js "^4.0.0"
    browserify-aes "^1.0.0"
    create-hash "^1.1.0"
    evp_bytestokey "^1.0.0"
    pbkdf2 "^3.0.3"
    safe-buffer "^5.1.1"

path-browserify@0.0.0:
  version "0.0.0"
  resolved "http://registry.npm.taobao.org/path-browserify/download/path-browserify-0.0.0.tgz#a0b870729aae214005b7d5032ec2cbbb0fb4451a"
  integrity sha1-oLhwcpquIUAFt9UDLsLLuw+0RRo=

pbkdf2@^3.0.3:
  version "3.0.17"
  resolved "http://registry.npm.taobao.org/pbkdf2/download/pbkdf2-3.0.17.tgz#976c206530617b14ebb32114239f7b09336e93a6"
  integrity sha1-l2wgZTBhexTrsyEUI597CTNuk6Y=
  dependencies:
    create-hash "^1.1.2"
    create-hmac "^1.1.4"
    ripemd160 "^2.0.1"
    safe-buffer "^5.0.1"
    sha.js "^2.4.8"

process-nextick-args@~2.0.0:
  version "2.0.0"
  resolved "http://registry.npm.taobao.org/process-nextick-args/download/process-nextick-args-2.0.0.tgz#a37d732f4271b4ab1ad070d35508e8290788ffaa"
  integrity sha1-o31zL0JxtKsa0HDTVQjoKQeI/6o=

process@^0.11.10:
  version "0.11.10"
  resolved "http://registry.npm.taobao.org/process/download/process-0.11.10.tgz#7332300e840161bda3e69a1d1d91a7d4bc16f182"
  integrity sha1-czIwDoQBYb2j5podHZGn1LwW8YI=

promise@^7.1.1:
  version "7.3.1"
  resolved "http://registry.npm.taobao.org/promise/download/promise-7.3.1.tgz#064b72602b18f90f29192b8b1bc418ffd1ebd3bf"
  integrity sha1-BktyYCsY+Q8pGSuLG8QY/9Hr078=
  dependencies:
    asap "~2.0.3"

prop-types@^15.6.0:
  version "15.7.2"
  resolved "https://registry.npm.taobao.org/prop-types/download/prop-types-15.7.2.tgz#52c41e75b8c87e72b9d9360e0206b99dcbffa6c5"
  integrity sha1-UsQedbjIfnK52TYOAga5ncv/psU=
  dependencies:
    loose-envify "^1.4.0"
    object-assign "^4.1.1"
    react-is "^16.8.1"

prop-types@^15.6.2:
  version "15.7.1"
  resolved "http://registry.npm.taobao.org/prop-types/download/prop-types-15.7.1.tgz#2fa61e0a699d428b40320127733ee2931f05d9d1"
  integrity sha1-L6YeCmmdQotAMgEncz7ikx8F2dE=
  dependencies:
    object-assign "^4.1.1"
    react-is "^16.8.1"

public-encrypt@^4.0.0:
  version "4.0.3"
  resolved "http://registry.npm.taobao.org/public-encrypt/download/public-encrypt-4.0.3.tgz#4fcc9d77a07e48ba7527e7cbe0de33d0701331e0"
  integrity sha1-T8ydd6B+SLp1J+fL4N4z0HATMeA=
  dependencies:
    bn.js "^4.1.0"
    browserify-rsa "^4.0.0"
    create-hash "^1.1.0"
    parse-asn1 "^5.0.0"
    randombytes "^2.0.1"
    safe-buffer "^5.1.2"

punycode@1.3.2:
  version "1.3.2"
  resolved "http://registry.npm.taobao.org/punycode/download/punycode-1.3.2.tgz#9653a036fb7c1ee42342f2325cceefea3926c48d"
  integrity sha1-llOgNvt8HuQjQvIyXM7v6jkmxI0=

punycode@^1.2.4:
  version "1.4.1"
  resolved "http://registry.npm.taobao.org/punycode/download/punycode-1.4.1.tgz#c0d5a63b2718800ad8e1eb0fa5269c84dd41845e"
  integrity sha1-wNWmOycYgArY4esPpSachN1BhF4=

querystring-es3@^0.2.0:
  version "0.2.1"
  resolved "http://registry.npm.taobao.org/querystring-es3/download/querystring-es3-0.2.1.tgz#9ec61f79049875707d69414596fd907a4d711e73"
  integrity sha1-nsYfeQSYdXB9aUFFlv2Qek1xHnM=

querystring@0.2.0:
  version "0.2.0"
  resolved "http://registry.npm.taobao.org/querystring/download/querystring-0.2.0.tgz#b209849203bb25df820da756e747005878521620"
  integrity sha1-sgmEkgO7Jd+CDadW50cAWHhSFiA=

quill-delta-to-html@^0.11.0:
  version "0.11.0"
  resolved "https://registry.npm.taobao.org/quill-delta-to-html/download/quill-delta-to-html-0.11.0.tgz#d980c287752fd641322ba8cbeb11ebd929d62ea7"
  integrity sha1-2YDCh3Uv1kEyK6jL6xHr2SnWLqc=

quill-delta@^3.6.2:
  version "3.6.3"
  resolved "https://registry.npm.taobao.org/quill-delta/download/quill-delta-3.6.3.tgz#b19fd2b89412301c60e1ff213d8d860eac0f1032"
  integrity sha1-sZ/SuJQSMBxg4f8hPY2GDqwPEDI=
  dependencies:
    deep-equal "^1.0.1"
    extend "^3.0.2"
    fast-diff "1.1.2"

quill@^1.3.7:
  version "1.3.7"
  resolved "https://registry.npm.taobao.org/quill/download/quill-1.3.7.tgz?cache=0&other_urls=https%3A%2F%2Fregistry.npm.taobao.org%2Fquill%2Fdownload%2Fquill-1.3.7.tgz#da5b2f3a2c470e932340cdbf3668c9f21f9286e8"
  integrity sha1-2lsvOixHDpMjQM2/NmjJ8h+Shug=
  dependencies:
    clone "^2.1.1"
    deep-equal "^1.0.1"
    eventemitter3 "^2.0.3"
    extend "^3.0.2"
    parchment "^1.1.4"
    quill-delta "^3.6.2"

randombytes@^2.0.0, randombytes@^2.0.1, randombytes@^2.0.5:
  version "2.0.6"
  resolved "http://registry.npm.taobao.org/randombytes/download/randombytes-2.0.6.tgz#d302c522948588848a8d300c932b44c24231da80"
  integrity sha1-0wLFIpSFiISKjTAMkytEwkIx2oA=
  dependencies:
    safe-buffer "^5.1.0"

randomfill@^1.0.3:
  version "1.0.4"
  resolved "http://registry.npm.taobao.org/randomfill/download/randomfill-1.0.4.tgz#c92196fc86ab42be983f1bf31778224931d61458"
  integrity sha1-ySGW/IarQr6YPxvzF3giSTHWFFg=
  dependencies:
    randombytes "^2.0.5"
    safe-buffer "^5.1.0"

react-dom@^16.5.2:
  version "16.8.1"
  resolved "http://registry.npm.taobao.org/react-dom/download/react-dom-16.8.1.tgz#ec860f98853d09d39bafd3a6f1e12389d283dbb4"
  integrity sha1-7IYPmIU9CdObr9Om8eEjidKD27Q=
  dependencies:
    loose-envify "^1.1.0"
    object-assign "^4.1.1"
    prop-types "^15.6.2"
    scheduler "^0.13.1"

react-flip-move@3.0.1:
  version "3.0.1"
  resolved "https://registry.npm.taobao.org/react-flip-move/download/react-flip-move-3.0.1.tgz#7bb5351c6e1d9778baf748cc5292aa98250c3401"
  integrity sha1-e7U1HG4dl3i690jMUpKqmCUMNAE=

react-hammerjs@^1.0.1:
  version "1.0.1"
  resolved "https://registry.npm.taobao.org/react-hammerjs/download/react-hammerjs-1.0.1.tgz#bc1ed9e9ef7da057163fb169ce12917b6d6ca7d8"
  integrity sha1-vB7Z6e99oFcWP7FpzhKRe21sp9g=
  dependencies:
    hammerjs "^2.0.8"

react-highlight.js@1.0.7:
  version "1.0.7"
  resolved "https://registry.npm.taobao.org/react-highlight.js/download/react-highlight.js-1.0.7.tgz#eb88356f415ac4d3590c20a9b52c1dc7f51a4861"
  integrity sha1-64g1b0FaxNNZDCCptSwdx/UaSGE=
  dependencies:
    highlight.js "^9.3.0"
    prop-types "^15.6.0"

react-is@^16.8.1:
  version "16.8.1"
  resolved "http://registry.npm.taobao.org/react-is/download/react-is-16.8.1.tgz#a80141e246eb894824fb4f2901c0c50ef31d4cdb"
  integrity sha1-qAFB4kbriUgk+08pAcDFDvMdTNs=

react@^16.5.2:
  version "16.8.1"
  resolved "http://registry.npm.taobao.org/react/download/react-16.8.1.tgz#ae11831f6cb2a05d58603a976afc8a558e852c4a"
  integrity sha1-rhGDH2yyoF1YYDqXavyKVY6FLEo=
  dependencies:
    loose-envify "^1.1.0"
    object-assign "^4.1.1"
    prop-types "^15.6.2"
    scheduler "^0.13.1"

readable-stream@^2.0.2, readable-stream@^2.3.3, readable-stream@^2.3.6:
  version "2.3.6"
  resolved "http://registry.npm.taobao.org/readable-stream/download/readable-stream-2.3.6.tgz#b11c27d88b8ff1fbe070643cf94b0c79ae1b0aaf"
  integrity sha1-sRwn2IuP8fvgcGQ8+UsMea4bCq8=
  dependencies:
    core-util-is "~1.0.0"
    inherits "~2.0.3"
    isarray "~1.0.0"
    process-nextick-args "~2.0.0"
    safe-buffer "~5.1.1"
    string_decoder "~1.1.1"
    util-deprecate "~1.0.1"

readline-sync@^1.4.7:
  version "1.4.9"
  resolved "http://registry.npm.taobao.org/readline-sync/download/readline-sync-1.4.9.tgz#3eda8e65f23cd2a17e61301b1f0003396af5ecda"
  integrity sha1-PtqOZfI80qF+YTAbHwADOWr17No=

regexp.prototype.flags@^1.2.0:
  version "1.2.0"
  resolved "https://registry.npm.taobao.org/regexp.prototype.flags/download/regexp.prototype.flags-1.2.0.tgz?cache=0&other_urls=https%3A%2F%2Fregistry.npm.taobao.org%2Fregexp.prototype.flags%2Fdownload%2Fregexp.prototype.flags-1.2.0.tgz#6b30724e306a27833eeb171b66ac8890ba37e41c"
  integrity sha1-azByTjBqJ4M+6xcbZqyIkLo35Bw=
  dependencies:
    define-properties "^1.1.2"

ripemd160@^2.0.0, ripemd160@^2.0.1:
  version "2.0.2"
  resolved "http://registry.npm.taobao.org/ripemd160/download/ripemd160-2.0.2.tgz#a1c1a6f624751577ba5d07914cbc92850585890c"
  integrity sha1-ocGm9iR1FXe6XQeRTLyShQWFiQw=
  dependencies:
    hash-base "^3.0.0"
    inherits "^2.0.1"

safe-buffer@^5.0.1, safe-buffer@^5.1.0, safe-buffer@^5.1.1, safe-buffer@^5.1.2, safe-buffer@~5.1.0, safe-buffer@~5.1.1:
  version "5.1.2"
  resolved "http://registry.npm.taobao.org/safe-buffer/download/safe-buffer-5.1.2.tgz#991ec69d296e0313747d59bdfd2b745c35f8828d"
  integrity sha1-mR7GnSluAxN0fVm9/St0XDX4go0=

"safer-buffer@>= 2.1.2 < 3":
  version "2.1.2"
  resolved "http://registry.npm.taobao.org/safer-buffer/download/safer-buffer-2.1.2.tgz#44fa161b0187b9549dd84bb91802f9bd8385cd6a"
  integrity sha1-RPoWGwGHuVSd2Eu5GAL5vYOFzWo=

scheduler@^0.13.1:
  version "0.13.1"
  resolved "http://registry.npm.taobao.org/scheduler/download/scheduler-0.13.1.tgz#1a217df1bfaabaf4f1b92a9127d5d732d85a9591"
  integrity sha1-GiF98b+quvTxuSqRJ9XXMthalZE=
  dependencies:
    loose-envify "^1.1.0"
    object-assign "^4.1.1"

setimmediate@^1.0.4, setimmediate@^1.0.5:
  version "1.0.5"
  resolved "http://registry.npm.taobao.org/setimmediate/download/setimmediate-1.0.5.tgz#290cbb232e306942d7d7ea9b83732ab7856f8285"
  integrity sha1-KQy7Iy4waULX1+qbg3Mqt4VvgoU=

sha.js@^2.4.0, sha.js@^2.4.8:
  version "2.4.11"
  resolved "http://registry.npm.taobao.org/sha.js/download/sha.js-2.4.11.tgz#37a5cf0b81ecbc6943de109ba2960d1b26584ae7"
  integrity sha1-N6XPC4HsvGlD3hCbopYNGyZYSuc=
  dependencies:
    inherits "^2.0.1"
    safe-buffer "^5.0.1"

shadow-cljs-jar@1.3.1:
  version "1.3.1"
  resolved "https://registry.npm.taobao.org/shadow-cljs-jar/download/shadow-cljs-jar-1.3.1.tgz#a5f8ab7664b40e11345837e4c6bce8e0ac9b2cc3"
  integrity sha1-pfirdmS0DhE0WDfkxrzo4KybLMM=

shadow-cljs@2.8.52:
  version "2.8.52"
  resolved "https://registry.npm.taobao.org/shadow-cljs/download/shadow-cljs-2.8.52.tgz#56a4be5f0f22c6929a358ab3ace81ec0c34aab1b"
  integrity sha1-VqS+Xw8ixpKaNYqzrOgewMNKqxs=
  dependencies:
    mkdirp "^0.5.1"
    node-libs-browser "^2.0.0"
    readline-sync "^1.4.7"
    shadow-cljs-jar "1.3.1"
    source-map-support "^0.4.15"
    which "^1.3.1"
    ws "^3.0.0"

source-map-support@^0.4.15:
  version "0.4.18"
  resolved "http://registry.npm.taobao.org/source-map-support/download/source-map-support-0.4.18.tgz#0286a6de8be42641338594e97ccea75f0a2c585f"
  integrity sha1-Aoam3ovkJkEzhZTpfM6nXwosWF8=
  dependencies:
    source-map "^0.5.6"

source-map@^0.5.6:
  version "0.5.7"
  resolved "http://registry.npm.taobao.org/source-map/download/source-map-0.5.7.tgz#8a039d2d1021d22d1ea14c80d8ea468ba2ef3fcc"
  integrity sha1-igOdLRAh0i0eoUyA2OpGi6LvP8w=

stream-browserify@^2.0.1:
  version "2.0.2"
  resolved "http://registry.npm.taobao.org/stream-browserify/download/stream-browserify-2.0.2.tgz#87521d38a44aa7ee91ce1cd2a47df0cb49dd660b"
  integrity sha1-h1IdOKRKp+6RzhzSpH3wy0ndZgs=
  dependencies:
    inherits "~2.0.1"
    readable-stream "^2.0.2"

stream-http@^2.7.2:
  version "2.8.3"
  resolved "http://registry.npm.taobao.org/stream-http/download/stream-http-2.8.3.tgz#b2d242469288a5a27ec4fe8933acf623de6514fc"
  integrity sha1-stJCRpKIpaJ+xP6JM6z2I95lFPw=
  dependencies:
    builtin-status-codes "^3.0.0"
    inherits "^2.0.1"
    readable-stream "^2.3.6"
    to-arraybuffer "^1.0.0"
    xtend "^4.0.0"

string_decoder@^1.0.0:
  version "1.2.0"
  resolved "http://registry.npm.taobao.org/string_decoder/download/string_decoder-1.2.0.tgz#fe86e738b19544afe70469243b2a1ee9240eae8d"
  integrity sha1-/obnOLGVRK/nBGkkOyoe6SQOro0=
  dependencies:
    safe-buffer "~5.1.0"

string_decoder@~1.1.1:
  version "1.1.1"
  resolved "http://registry.npm.taobao.org/string_decoder/download/string_decoder-1.1.1.tgz#9cf1611ba62685d7030ae9e4ba34149c3af03fc8"
  integrity sha1-nPFhG6YmhdcDCunkujQUnDrwP8g=
  dependencies:
    safe-buffer "~5.1.0"

timers-browserify@^2.0.4:
  version "2.0.10"
  resolved "http://registry.npm.taobao.org/timers-browserify/download/timers-browserify-2.0.10.tgz#1d28e3d2aadf1d5a5996c4e9f95601cd053480ae"
  integrity sha1-HSjj0qrfHVpZlsTp+VYBzQU0gK4=
  dependencies:
    setimmediate "^1.0.4"

to-arraybuffer@^1.0.0:
  version "1.0.1"
  resolved "http://registry.npm.taobao.org/to-arraybuffer/download/to-arraybuffer-1.0.1.tgz#7d229b1fcc637e466ca081180836a7aabff83f43"
  integrity sha1-fSKbH8xjfkZsoIEYCDanqr/4P0M=

tty-browserify@0.0.0:
  version "0.0.0"
  resolved "http://registry.npm.taobao.org/tty-browserify/download/tty-browserify-0.0.0.tgz#a157ba402da24e9bf957f9aa69d524eed42901a6"
  integrity sha1-oVe6QC2iTpv5V/mqadUk7tQpAaY=

ua-parser-js@^0.7.18:
  version "0.7.19"
  resolved "http://registry.npm.taobao.org/ua-parser-js/download/ua-parser-js-0.7.19.tgz#94151be4c0a7fb1d001af7022fdaca4642659e4b"
  integrity sha1-lBUb5MCn+x0AGvcCL9rKRkJlnks=

ultron@~1.1.0:
  version "1.1.1"
  resolved "http://registry.npm.taobao.org/ultron/download/ultron-1.1.1.tgz#9fe1536a10a664a65266a1e3ccf85fd36302bc9c"
  integrity sha1-n+FTahCmZKZSZqHjzPhf02MCvJw=

url@^0.11.0:
  version "0.11.0"
  resolved "http://registry.npm.taobao.org/url/download/url-0.11.0.tgz#3838e97cfc60521eb73c525a8e55bfdd9e2e28f1"
  integrity sha1-ODjpfPxgUh63PFJajlW/3Z4uKPE=
  dependencies:
    punycode "1.3.2"
    querystring "0.2.0"

util-deprecate@~1.0.1:
  version "1.0.2"
  resolved "http://registry.npm.taobao.org/util-deprecate/download/util-deprecate-1.0.2.tgz#450d4dc9fa70de732762fbd2d4a28981419a0ccf"
  integrity sha1-RQ1Nyfpw3nMnYvvS1KKJgUGaDM8=

util@0.10.3:
  version "0.10.3"
  resolved "http://registry.npm.taobao.org/util/download/util-0.10.3.tgz#7afb1afe50805246489e3db7fe0ed379336ac0f9"
  integrity sha1-evsa/lCAUkZInj23/g7TeTNqwPk=
  dependencies:
    inherits "2.0.1"

util@^0.11.0:
  version "0.11.1"
  resolved "http://registry.npm.taobao.org/util/download/util-0.11.1.tgz#3236733720ec64bb27f6e26f421aaa2e1b588d61"
  integrity sha1-MjZzNyDsZLsn9uJvQhqqLhtYjWE=
  dependencies:
    inherits "2.0.3"

vm-browserify@0.0.4:
  version "0.0.4"
  resolved "http://registry.npm.taobao.org/vm-browserify/download/vm-browserify-0.0.4.tgz#5d7ea45bbef9e4a6ff65f95438e0a87c357d5a73"
  integrity sha1-XX6kW7755Kb/ZflUOOCofDV9WnM=
  dependencies:
    indexof "0.0.1"

whatwg-fetch@>=0.10.0:
  version "3.0.0"
  resolved "http://registry.npm.taobao.org/whatwg-fetch/download/whatwg-fetch-3.0.0.tgz#fc804e458cc460009b1a2b966bc8817d2578aefb"
  integrity sha1-/IBORYzEYACbGiuWa8iBfSV4rvs=

which@^1.3.1:
  version "1.3.1"
  resolved "http://registry.npm.taobao.org/which/download/which-1.3.1.tgz#a45043d54f5805316da8d62f9f50918d3da70b0a"
  integrity sha1-pFBD1U9YBTFtqNYvn1CRjT2nCwo=
  dependencies:
    isexe "^2.0.0"

ws@^3.0.0:
  version "3.3.3"
  resolved "http://registry.npm.taobao.org/ws/download/ws-3.3.3.tgz#f1cf84fe2d5e901ebce94efaece785f187a228f2"
  integrity sha1-8c+E/i1ekB686U767OeF8YeiKPI=
  dependencies:
    async-limiter "~1.0.0"
    safe-buffer "~5.1.0"
    ultron "~1.1.0"

xtend@^4.0.0:
  version "4.0.1"
  resolved "http://registry.npm.taobao.org/xtend/download/xtend-4.0.1.tgz#a5c6d532be656e23db820efb943a1f04998d63af"
  integrity sha1-pcbVMr5lbiPbgg77lDofBJmNY68=
